// !$*UTF8*$!
{
	archiveVersion = 1;
	classes = {
	};
	objectVersion = 50;
	objects = {

/* Begin PBXBuildFile section */
		FB1FC5C421CABB0400DE3169 /* icons8-coins-48.png in Resources */ = {isa = PBXBuildFile; fileRef = FB1FC5C321CABB0400DE3169 /* icons8-coins-48.png */; };
		FB6BBC6A21CB26B4009799BC /* tip_pic.jpg in Resources */ = {isa = PBXBuildFile; fileRef = FB6BBC6921CB26B4009799BC /* tip_pic.jpg */; };
		FBA7A25E21C5C4DE00620AFA /* AppDelegate.swift in Sources */ = {isa = PBXBuildFile; fileRef = FBA7A25D21C5C4DE00620AFA /* AppDelegate.swift */; };
		FBA7A26021C5C4DE00620AFA /* ViewController.swift in Sources */ = {isa = PBXBuildFile; fileRef = FBA7A25F21C5C4DE00620AFA /* ViewController.swift */; };
		FBA7A26321C5C4DE00620AFA /* Main.storyboard in Resources */ = {isa = PBXBuildFile; fileRef = FBA7A26121C5C4DE00620AFA /* Main.storyboard */; };
		FBA7A26521C5C4DF00620AFA /* Assets.xcassets in Resources */ = {isa = PBXBuildFile; fileRef = FBA7A26421C5C4DF00620AFA /* Assets.xcassets */; };
		FBA7A26821C5C4DF00620AFA /* LaunchScreen.storyboard in Resources */ = {isa = PBXBuildFile; fileRef = FBA7A26621C5C4DF00620AFA /* LaunchScreen.storyboard */; };
		FBA7A27321C5C4DF00620AFA /* Tip_AppTests.swift in Sources */ = {isa = PBXBuildFile; fileRef = FBA7A27221C5C4DF00620AFA /* Tip_AppTests.swift */; };
		FBA7A27E21C5C4DF00620AFA /* Tip_AppUITests.swift in Sources */ = {isa = PBXBuildFile; fileRef = FBA7A27D21C5C4DF00620AFA /* Tip_AppUITests.swift */; };
/* End PBXBuildFile section */

/* Begin PBXContainerItemProxy section */
		FBA7A26F21C5C4DF00620AFA /* PBXContainerItemProxy */ = {
			isa = PBXContainerItemProxy;
			containerPortal = FBA7A25221C5C4DE00620AFA /* Project object */;
			proxyType = 1;
			remoteGlobalIDString = FBA7A25921C5C4DE00620AFA;
			remoteInfo = "Tip App";
		};
		FBA7A27A21C5C4DF00620AFA /* PBXContainerItemProxy */ = {
			isa = PBXContainerItemProxy;
			containerPortal = FBA7A25221C5C4DE00620AFA /* Project object */;
			proxyType = 1;
			remoteGlobalIDString = FBA7A25921C5C4DE00620AFA;
			remoteInfo = "Tip App";
		};
/* End PBXContainerItemProxy section */

/* Begin PBXFileReference section */
		FB1FC5C321CABB0400DE3169 /* icons8-coins-48.png */ = {isa = PBXFileReference; lastKnownFileType = image.png; path = "icons8-coins-48.png"; sourceTree = SOURCE_ROOT; };
		FB6BBC6921CB26B4009799BC /* tip_pic.jpg */ = {isa = PBXFileReference; lastKnownFileType = image.jpeg; path = tip_pic.jpg; sourceTree = SOURCE_ROOT; };
		FBA7A25A21C5C4DE00620AFA /* Tip App.app */ = {isa = PBXFileReference; explicitFileType = wrapper.application; includeInIndex = 0; path = "Tip App.app"; sourceTree = BUILT_PRODUCTS_DIR; };
		FBA7A25D21C5C4DE00620AFA /* AppDelegate.swift */ = {isa = PBXFileReference; lastKnownFileType = sourcecode.swift; path = AppDelegate.swift; sourceTree = "<group>"; };
		FBA7A25F21C5C4DE00620AFA /* ViewController.swift */ = {isa = PBXFileReference; lastKnownFileType = sourcecode.swift; path = ViewController.swift; sourceTree = "<group>"; };
		FBA7A26221C5C4DE00620AFA /* Base */ = {isa = PBXFileReference; lastKnownFileType = file.storyboard; name = Base; path = Base.lproj/Main.storyboard; sourceTree = "<group>"; };
		FBA7A26421C5C4DF00620AFA /* Assets.xcassets */ = {isa = PBXFileReference; lastKnownFileType = folder.assetcatalog; path = Assets.xcassets; sourceTree = "<group>"; };
		FBA7A26721C5C4DF00620AFA /* Base */ = {isa = PBXFileReference; lastKnownFileType = file.storyboard; name = Base; path = Base.lproj/LaunchScreen.storyboard; sourceTree = "<group>"; };
		FBA7A26921C5C4DF00620AFA /* Info.plist */ = {isa = PBXFileReference; lastKnownFileType = text.plist.xml; path = Info.plist; sourceTree = "<group>"; };
		FBA7A26E21C5C4DF00620AFA /* Tip AppTests.xctest */ = {isa = PBXFileReference; explicitFileType = wrapper.cfbundle; includeInIndex = 0; path = "Tip AppTests.xctest"; sourceTree = BUILT_PRODUCTS_DIR; };
		FBA7A27221C5C4DF00620AFA /* Tip_AppTests.swift */ = {isa = PBXFileReference; lastKnownFileType = sourcecode.swift; path = Tip_AppTests.swift; sourceTree = "<group>"; };
		FBA7A27421C5C4DF00620AFA /* Info.plist */ = {isa = PBXFileReference; lastKnownFileType = text.plist.xml; path = Info.plist; sourceTree = "<group>"; };
		FBA7A27921C5C4DF00620AFA /* Tip AppUITests.xctest */ = {isa = PBXFileReference; explicitFileType = wrapper.cfbundle; includeInIndex = 0; path = "Tip AppUITests.xctest"; sourceTree = BUILT_PRODUCTS_DIR; };
		FBA7A27D21C5C4DF00620AFA /* Tip_AppUITests.swift */ = {isa = PBXFileReference; lastKnownFileType = sourcecode.swift; path = Tip_AppUITests.swift; sourceTree = "<group>"; };
		FBA7A27F21C5C4DF00620AFA /* Info.plist */ = {isa = PBXFileReference; lastKnownFileType = text.plist.xml; path = Info.plist; sourceTree = "<group>"; };
/* End PBXFileReference section */

/* Begin PBXFrameworksBuildPhase section */
		FBA7A25721C5C4DE00620AFA /* Frameworks */ = {
			isa = PBXFrameworksBuildPhase;
			buildActionMask = 2147483647;
			files = (
			);
			runOnlyForDeploymentPostprocessing = 0;
		};
		FBA7A26B21C5C4DF00620AFA /* Frameworks */ = {
			isa = PBXFrameworksBuildPhase;
			buildActionMask = 2147483647;
			files = (
			);
			runOnlyForDeploymentPostprocessing = 0;
		};
		FBA7A27621C5C4DF00620AFA /* Frameworks */ = {
			isa = PBXFrameworksBuildPhase;
			buildActionMask = 2147483647;
			files = (
			);
			runOnlyForDeploymentPostprocessing = 0;
		};
/* End PBXFrameworksBuildPhase section */

/* Begin PBXGroup section */
		FBA7A25121C5C4DE00620AFA = {
			isa = PBXGroup;
			children = (
				FBA7A25C21C5C4DE00620AFA /* Tip App */,
				FBA7A27121C5C4DF00620AFA /* Tip AppTests */,
				FBA7A27C21C5C4DF00620AFA /* Tip AppUITests */,
				FBA7A25B21C5C4DE00620AFA /* Products */,
			);
			sourceTree = "<group>";
		};
		FBA7A25B21C5C4DE00620AFA /* Products */ = {
			isa = PBXGroup;
			children = (
				FBA7A25A21C5C4DE00620AFA /* Tip App.app */,
				FBA7A26E21C5C4DF00620AFA /* Tip AppTests.xctest */,
				FBA7A27921C5C4DF00620AFA /* Tip AppUITests.xctest */,
			);
			name = Products;
			sourceTree = "<group>";
		};
		FBA7A25C21C5C4DE00620AFA /* Tip App */ = {
			isa = PBXGroup;
			children = (
				FBA7A25D21C5C4DE00620AFA /* AppDelegate.swift */,
				FBA7A25F21C5C4DE00620AFA /* ViewController.swift */,
				FBA7A26121C5C4DE00620AFA /* Main.storyboard */,
				FBA7A26421C5C4DF00620AFA /* Assets.xcassets */,
				FBA7A26621C5C4DF00620AFA /* LaunchScreen.storyboard */,
				FBA7A26921C5C4DF00620AFA /* Info.plist */,
				FB1FC5C321CABB0400DE3169 /* icons8-coins-48.png */,
				FB6BBC6921CB26B4009799BC /* tip_pic.jpg */,
			);
			path = "Tip App";
			sourceTree = "<group>";
		};
		FBA7A27121C5C4DF00620AFA /* Tip AppTests */ = {
			isa = PBXGroup;
			children = (
				FBA7A27221C5C4DF00620AFA /* Tip_AppTests.swift */,
				FBA7A27421C5C4DF00620AFA /* Info.plist */,
			);
			path = "Tip AppTests";
			sourceTree = "<group>";
		};
		FBA7A27C21C5C4DF00620AFA /* Tip AppUITests */ = {
			isa = PBXGroup;
			children = (
				FBA7A27D21C5C4DF00620AFA /* Tip_AppUITests.swift */,
				FBA7A27F21C5C4DF00620AFA /* Info.plist */,
			);
			path = "Tip AppUITests";
			sourceTree = "<group>";
		};
/* End PBXGroup section */

/* Begin PBXNativeTarget section */
		FBA7A25921C5C4DE00620AFA /* Tip App */ = {
			isa = PBXNativeTarget;
			buildConfigurationList = FBA7A28221C5C4DF00620AFA /* Build configuration list for PBXNativeTarget "Tip App" */;
			buildPhases = (
				FBA7A25621C5C4DE00620AFA /* Sources */,
				FBA7A25721C5C4DE00620AFA /* Frameworks */,
				FBA7A25821C5C4DE00620AFA /* Resources */,
			);
			buildRules = (
			);
			dependencies = (
			);
			name = "Tip App";
			productName = "Tip App";
			productReference = FBA7A25A21C5C4DE00620AFA /* Tip App.app */;
			productType = "com.apple.product-type.application";
		};
		FBA7A26D21C5C4DF00620AFA /* Tip AppTests */ = {
			isa = PBXNativeTarget;
			buildConfigurationList = FBA7A28521C5C4DF00620AFA /* Build configuration list for PBXNativeTarget "Tip AppTests" */;
			buildPhases = (
				FBA7A26A21C5C4DF00620AFA /* Sources */,
				FBA7A26B21C5C4DF00620AFA /* Frameworks */,
				FBA7A26C21C5C4DF00620AFA /* Resources */,
			);
			buildRules = (
			);
			dependencies = (
				FBA7A27021C5C4DF00620AFA /* PBXTargetDependency */,
			);
			name = "Tip AppTests";
			productName = "Tip AppTests";
			productReference = FBA7A26E21C5C4DF00620AFA /* Tip AppTests.xctest */;
			productType = "com.apple.product-type.bundle.unit-test";
		};
		FBA7A27821C5C4DF00620AFA /* Tip AppUITests */ = {
			isa = PBXNativeTarget;
			buildConfigurationList = FBA7A28821C5C4DF00620AFA /* Build configuration list for PBXNativeTarget "Tip AppUITests" */;
			buildPhases = (
				FBA7A27521C5C4DF00620AFA /* Sources */,
				FBA7A27621C5C4DF00620AFA /* Frameworks */,
				FBA7A27721C5C4DF00620AFA /* Resources */,
			);
			buildRules = (
			);
			dependencies = (
				FBA7A27B21C5C4DF00620AFA /* PBXTargetDependency */,
			);
			name = "Tip AppUITests";
			productName = "Tip AppUITests";
			productReference = FBA7A27921C5C4DF00620AFA /* Tip AppUITests.xctest */;
			productType = "com.apple.product-type.bundle.ui-testing";
		};
/* End PBXNativeTarget section */

/* Begin PBXProject section */
		FBA7A25221C5C4DE00620AFA /* Project object */ = {
			isa = PBXProject;
			attributes = {
				LastSwiftUpdateCheck = 1010;
				LastUpgradeCheck = 1010;
				ORGANIZATIONNAME = "Kevin Chen";
				TargetAttributes = {
					FBA7A25921C5C4DE00620AFA = {
						CreatedOnToolsVersion = 10.1;
					};
					FBA7A26D21C5C4DF00620AFA = {
						CreatedOnToolsVersion = 10.1;
						TestTargetID = FBA7A25921C5C4DE00620AFA;
					};
					FBA7A27821C5C4DF00620AFA = {
						CreatedOnToolsVersion = 10.1;
						TestTargetID = FBA7A25921C5C4DE00620AFA;
					};
				};
			};
			buildConfigurationList = FBA7A25521C5C4DE00620AFA /* Build configuration list for PBXProject "Tip App" */;
			compatibilityVersion = "Xcode 9.3";
			developmentRegion = en;
			hasScannedForEncodings = 0;
			knownRegions = (
				en,
				Base,
			);
			mainGroup = FBA7A25121C5C4DE00620AFA;
			productRefGroup = FBA7A25B21C5C4DE00620AFA /* Products */;
			projectDirPath = "";
			projectRoot = "";
			targets = (
				FBA7A25921C5C4DE00620AFA /* Tip App */,
				FBA7A26D21C5C4DF00620AFA /* Tip AppTests */,
				FBA7A27821C5C4DF00620AFA /* Tip AppUITests */,
			);
		};
/* End PBXProject section */

/* Begin PBXResourcesBuildPhase section */
		FBA7A25821C5C4DE00620AFA /* Resources */ = {
			isa = PBXResourcesBuildPhase;
			buildActionMask = 2147483647;
			files = (
				FB1FC5C421CABB0400DE3169 /* icons8-coins-48.png in Resources */,
				FBA7A26821C5C4DF00620AFA /* LaunchScreen.storyboard in Resources */,
				FBA7A26521C5C4DF00620AFA /* Assets.xcassets in Resources */,
				FBA7A26321C5C4DE00620AFA /* Main.storyboard in Resources */,
				FB6BBC6A21CB26B4009799BC /* tip_pic.jpg in Resources */,
			);
			runOnlyForDeploymentPostprocessing = 0;
		};
		FBA7A26C21C5C4DF00620AFA /* Resources */ = {
			isa = PBXResourcesBuildPhase;
			buildActionMask = 2147483647;
			files = (
			);
			runOnlyForDeploymentPostprocessing = 0;
		};
		FBA7A27721C5C4DF00620AFA /* Resources */ = {
			isa = PBXResourcesBuildPhase;
			buildActionMask = 2147483647;
			files = (
			);
			runOnlyForDeploymentPostprocessing = 0;
		};
/* End PBXResourcesBuildPhase section */

/* Begin PBXSourcesBuildPhase section */
		FBA7A25621C5C4DE00620AFA /* Sources */ = {
			isa = PBXSourcesBuildPhase;
			buildActionMask = 2147483647;
			files = (
				FBA7A26021C5C4DE00620AFA /* ViewController.swift in Sources */,
				FBA7A25E21C5C4DE00620AFA /* AppDelegate.swift in Sources */,
			);
			runOnlyForDeploymentPostprocessing = 0;
		};
		FBA7A26A21C5C4DF00620AFA /* Sources */ = {
			isa = PBXSourcesBuildPhase;
			buildActionMask = 2147483647;
			files = (
				FBA7A27321C5C4DF00620AFA /* Tip_AppTests.swift in Sources */,
			);
			runOnlyForDeploymentPostprocessing = 0;
		};
		FBA7A27521C5C4DF00620AFA /* Sources */ = {
			isa = PBXSourcesBuildPhase;
			buildActionMask = 2147483647;
			files = (
				FBA7A27E21C5C4DF00620AFA /* Tip_AppUITests.swift in Sources */,
			);
			runOnlyForDeploymentPostprocessing = 0;
		};
/* End PBXSourcesBuildPhase section */

/* Begin PBXTargetDependency section */
		FBA7A27021C5C4DF00620AFA /* PBXTargetDependency */ = {
			isa = PBXTargetDependency;
			target = FBA7A25921C5C4DE00620AFA /* Tip App */;
			targetProxy = FBA7A26F21C5C4DF00620AFA /* PBXContainerItemProxy */;
		};
		FBA7A27B21C5C4DF00620AFA /* PBXTargetDependency */ = {
			isa = PBXTargetDependency;
			target = FBA7A25921C5C4DE00620AFA /* Tip App */;
			targetProxy = FBA7A27A21C5C4DF00620AFA /* PBXContainerItemProxy */;
		};
/* End PBXTargetDependency section */

/* Begin PBXVariantGroup section */
		FBA7A26121C5C4DE00620AFA /* Main.storyboard */ = {
			isa = PBXVariantGroup;
			children = (
				FBA7A26221C5C4DE00620AFA /* Base */,
			);
			name = Main.storyboard;
			sourceTree = "<group>";
		};
		FBA7A26621C5C4DF00620AFA /* LaunchScreen.storyboard */ = {
			isa = PBXVariantGroup;
			children = (
				FBA7A26721C5C4DF00620AFA /* Base */,
			);
			name = LaunchScreen.storyboard;
			sourceTree = "<group>";
		};
/* End PBXVariantGroup section */

/* Begin XCBuildConfiguration section */
		FBA7A28021C5C4DF00620AFA /* Debug */ = {
			isa = XCBuildConfiguration;
			buildSettings = {
				ALWAYS_SEARCH_USER_PATHS = NO;
				CLANG_ANALYZER_NONNULL = YES;
				CLANG_ANALYZER_NUMBER_OBJECT_CONVERSION = YES_AGGRESSIVE;
				CLANG_CXX_LANGUAGE_STANDARD = "gnu++14";
				CLANG_CXX_LIBRARY = "libc++";
				CLANG_ENABLE_MODULES = YES;
				CLANG_ENABLE_OBJC_ARC = YES;
				CLANG_ENABLE_OBJC_WEAK = YES;
				CLANG_WARN_BLOCK_CAPTURE_AUTORELEASING = YES;
				CLANG_WARN_BOOL_CONVERSION = YES;
				CLANG_WARN_COMMA = YES;
				CLANG_WARN_CONSTANT_CONVERSION = YES;
				CLANG_WARN_DEPRECATED_OBJC_IMPLEMENTATIONS = YES;
				CLANG_WARN_DIRECT_OBJC_ISA_USAGE = YES_ERROR;
				CLANG_WARN_DOCUMENTATION_COMMENTS = YES;
				CLANG_WARN_EMPTY_BODY = YES;
				CLANG_WARN_ENUM_CONVERSION = YES;
				CLANG_WARN_INFINITE_RECURSION = YES;
				CLANG_WARN_INT_CONVERSION = YES;
				CLANG_WARN_NON_LITERAL_NULL_CONVERSION = YES;
				CLANG_WARN_OBJC_IMPLICIT_RETAIN_SELF = YES;
				CLANG_WARN_OBJC_LITERAL_CONVERSION = YES;
				CLANG_WARN_OBJC_ROOT_CLASS = YES_ERROR;
				CLANG_WARN_RANGE_LOOP_ANALYSIS = YES;
				CLANG_WARN_STRICT_PROTOTYPES = YES;
				CLANG_WARN_SUSPICIOUS_MOVE = YES;
				CLANG_WARN_UNGUARDED_AVAILABILITY = YES_AGGRESSIVE;
				CLANG_WARN_UNREACHABLE_CODE = YES;
				CLANG_WARN__DUPLICATE_METHOD_MATCH = YES;
				CODE_SIGN_IDENTITY = "iPhone Developer";
				COPY_PHASE_STRIP = NO;
				DEBUG_INFORMATION_FORMAT = dwarf;
				ENABLE_STRICT_OBJC_MSGSEND = YES;
				ENABLE_TESTABILITY = YES;
				GCC_C_LANGUAGE_STANDARD = gnu11;
				GCC_DYNAMIC_NO_PIC = NO;
				GCC_NO_COMMON_BLOCKS = YES;
				GCC_OPTIMIZATION_LEVEL = 0;
				GCC_PREPROCESSOR_DEFINITIONS = (
					"DEBUG=1",
					"$(inherited)",
				);
				GCC_WARN_64_TO_32_BIT_CONVERSION = YES;
				GCC_WARN_ABOUT_RETURN_TYPE = YES_ERROR;
				GCC_WARN_UNDECLARED_SELECTOR = YES;
				GCC_WARN_UNINITIALIZED_AUTOS = YES_AGGRESSIVE;
				GCC_WARN_UNUSED_FUNCTION = YES;
				GCC_WARN_UNUSED_VARIABLE = YES;
				IPHONEOS_DEPLOYMENT_TARGET = 11.0;
				MTL_ENABLE_DEBUG_INFO = INCLUDE_SOURCE;
				MTL_FAST_MATH = YES;
				ONLY_ACTIVE_ARCH = YES;
				SDKROOT = iphoneos;
				SWIFT_ACTIVE_COMPILATION_CONDITIONS = DEBUG;
				SWIFT_OPTIMIZATION_LEVEL = "-Onone";
			};
			name = Debug;
		};
		FBA7A28121C5C4DF00620AFA /* Release */ = {
			isa = XCBuildConfiguration;
			buildSettings = {
				ALWAYS_SEARCH_USER_PATHS = NO;
				CLANG_ANALYZER_NONNULL = YES;
				CLANG_ANALYZER_NUMBER_OBJECT_CONVERSION = YES_AGGRESSIVE;
				CLANG_CXX_LANGUAGE_STANDARD = "gnu++14";
				CLANG_CXX_LIBRARY = "libc++";
				CLANG_ENABLE_MODULES = YES;
				CLANG_ENABLE_OBJC_ARC = YES;
				CLANG_ENABLE_OBJC_WEAK = YES;
				CLANG_WARN_BLOCK_CAPTURE_AUTORELEASING = YES;
				CLANG_WARN_BOOL_CONVERSION = YES;
				CLANG_WARN_COMMA = YES;
				CLANG_WARN_CONSTANT_CONVERSION = YES;
				CLANG_WARN_DEPRECATED_OBJC_IMPLEMENTATIONS = YES;
				CLANG_WARN_DIRECT_OBJC_ISA_USAGE = YES_ERROR;
				CLANG_WARN_DOCUMENTATION_COMMENTS = YES;
				CLANG_WARN_EMPTY_BODY = YES;
				CLANG_WARN_ENUM_CONVERSION = YES;
				CLANG_WARN_INFINITE_RECURSION = YES;
				CLANG_WARN_INT_CONVERSION = YES;
				CLANG_WARN_NON_LITERAL_NULL_CONVERSION = YES;
				CLANG_WARN_OBJC_IMPLICIT_RETAIN_SELF = YES;
				CLANG_WARN_OBJC_LITERAL_CONVERSION = YES;
				CLANG_WARN_OBJC_ROOT_CLASS = YES_ERROR;
				CLANG_WARN_RANGE_LOOP_ANALYSIS = YES;
				CLANG_WARN_STRICT_PROTOTYPES = YES;
				CLANG_WARN_SUSPICIOUS_MOVE = YES;
				CLANG_WARN_UNGUARDED_AVAILABILITY = YES_AGGRESSIVE;
				CLANG_WARN_UNREACHABLE_CODE = YES;
				CLANG_WARN__DUPLICATE_METHOD_MATCH = YES;
				CODE_SIGN_IDENTITY = "iPhone Developer";
				COPY_PHASE_STRIP = NO;
				DEBUG_INFORMATION_FORMAT = "dwarf-with-dsym";
				ENABLE_NS_ASSERTIONS = NO;
				ENABLE_STRICT_OBJC_MSGSEND = YES;
				GCC_C_LANGUAGE_STANDARD = gnu11;
				GCC_NO_COMMON_BLOCKS = YES;
				GCC_WARN_64_TO_32_BIT_CONVERSION = YES;
				GCC_WARN_ABOUT_RETURN_TYPE = YES_ERROR;
				GCC_WARN_UNDECLARED_SELECTOR = YES;
				GCC_WARN_UNINITIALIZED_AUTOS = YES_AGGRESSIVE;
				GCC_WARN_UNUSED_FUNCTION = YES;
				GCC_WARN_UNUSED_VARIABLE = YES;
				IPHONEOS_DEPLOYMENT_TARGET = 11.0;
				MTL_ENABLE_DEBUG_INFO = NO;
				MTL_FAST_MATH = YES;
				SDKROOT = iphoneos;
				SWIFT_COMPILATION_MODE = wholemodule;
				SWIFT_OPTIMIZATION_LEVEL = "-O";
				VALIDATE_PRODUCT = YES;
			};
			name = Release;
		};
		FBA7A28321C5C4DF00620AFA /* Debug */ = {
			isa = XCBuildConfiguration;
			buildSettings = {
				ASSETCATALOG_COMPILER_APPICON_NAME = AppIcon;
				CODE_SIGN_IDENTITY = "iPhone Developer";
				CODE_SIGN_STYLE = Automatic;
				DEVELOPMENT_TEAM = VAM3A58Y83;
				INFOPLIST_FILE = "Tip App/Info.plist";
				IPHONEOS_DEPLOYMENT_TARGET = 11.0;
				LD_RUNPATH_SEARCH_PATHS = (
					"$(inherited)",
					"@executable_path/Frameworks",
				);
				PRODUCT_BUNDLE_IDENTIFIER = "kc3585.Tip-App";
				PRODUCT_NAME = "$(TARGET_NAME)";
				PROVISIONING_PROFILE_SPECIFIER = "";
				SWIFT_VERSION = 4.2;
				TARGETED_DEVICE_FAMILY = "1,2";
			};
			name = Debug;
		};
		FBA7A28421C5C4DF00620AFA /* Release */ = {
			isa = XCBuildConfiguration;
			buildSettings = {
				ASSETCATALOG_COMPILER_APPICON_NAME = AppIcon;
				CODE_SIGN_IDENTITY = "iPhone Developer";
				CODE_SIGN_STYLE = Automatic;
				DEVELOPMENT_TEAM = VAM3A58Y83;
				INFOPLIST_FILE = "Tip App/Info.plist";
				IPHONEOS_DEPLOYMENT_TARGET = 11.0;
				LD_RUNPATH_SEARCH_PATHS = (
					"$(inherited)",
					"@executable_path/Frameworks",
				);
				PRODUCT_BUNDLE_IDENTIFIER = "kc3585.Tip-App";
				PRODUCT_NAME = "$(TARGET_NAME)";
				PROVISIONING_PROFILE_SPECIFIER = "";
				SWIFT_VERSION = 4.2;
				TARGETED_DEVICE_FAMILY = "1,2";
			};
			name = Release;
		};
		FBA7A28621C5C4DF00620AFA /* Debug */ = {
			isa = XCBuildConfiguration;
			buildSettings = {
				ALWAYS_EMBED_SWIFT_STANDARD_LIBRARIES = YES;
				BUNDLE_LOADER = "$(TEST_HOST)";
				CODE_SIGN_STYLE = Automatic;
				INFOPLIST_FILE = "Tip AppTests/Info.plist";
				LD_RUNPATH_SEARCH_PATHS = (
					"$(inherited)",
					"@executable_path/Frameworks",
					"@loader_path/Frameworks",
				);
				PRODUCT_BUNDLE_IDENTIFIER = "kchen.Tip-AppTests";
				PRODUCT_NAME = "$(TARGET_NAME)";
				SWIFT_VERSION = 4.2;
				TARGETED_DEVICE_FAMILY = "1,2";
				TEST_HOST = "$(BUILT_PRODUCTS_DIR)/Tip App.app/Tip App";
			};
			name = Debug;
		};
		FBA7A28721C5C4DF00620AFA /* Release */ = {
			isa = XCBuildConfiguration;
			buildSettings = {
				ALWAYS_EMBED_SWIFT_STANDARD_LIBRARIES = YES;
				BUNDLE_LOADER = "$(TEST_HOST)";
				CODE_SIGN_STYLE = Automatic;
				INFOPLIST_FILE = "Tip AppTests/Info.plist";
				LD_RUNPATH_SEARCH_PATHS = (
					"$(inherited)",
					"@executable_path/Frameworks",
					"@loader_path/Frameworks",
				);
				PRODUCT_BUNDLE_IDENTIFIER = "kchen.Tip-AppTests";
				PRODUCT_NAME = "$(TARGET_NAME)";
				SWIFT_VERSION = 4.2;
				TARGETED_DEVICE_FAMILY = "1,2";
				TEST_HOST = "$(BUILT_PRODUCTS_DIR)/Tip App.app/Tip App";
			};
			name = Release;
		};
		FBA7A28921C5C4DF00620AFA /* Debug */ = {
			isa = XCBuildConfiguration;
			buildSettings = {
				ALWAYS_EMBED_SWIFT_STANDARD_LIBRARIES = YES;
				CODE_SIGN_STYLE = Automatic;
				INFOPLIST_FILE = "Tip AppUITests/Info.plist";
				LD_RUNPATH_SEARCH_PATHS = (
					"$(inherited)",
					"@executable_path/Frameworks",
					"@loader_path/Frameworks",
				);
				PRODUCT_BUNDLE_IDENTIFIER = "kchen.Tip-AppUITests";
				PRODUCT_NAME = "$(TARGET_NAME)";
				SWIFT_VERSION = 4.2;
				TARGETED_DEVICE_FAMILY = "1,2";
				TEST_TARGET_NAME = "Tip App";
			};
			name = Debug;
		};
		FBA7A28A21C5C4DF00620AFA /* Release */ = {
			isa = XCBuildConfiguration;
			buildSettings = {
				ALWAYS_EMBED_SWIFT_STANDARD_LIBRARIES = YES;
				CODE_SIGN_STYLE = Automatic;
				INFOPLIST_FILE = "Tip AppUITests/Info.plist";
				LD_RUNPATH_SEARCH_PATHS = (
					"$(inherited)",
					"@executable_path/Frameworks",
					"@loader_path/Frameworks",
				);
				PRODUCT_BUNDLE_IDENTIFIER = "kchen.Tip-AppUITests";
				PRODUCT_NAME = "$(TARGET_NAME)";
				SWIFT_VERSION = 4.2;
				TARGETED_DEVICE_FAMILY = "1,2";
				TEST_TARGET_NAME = "Tip App";
			};
			name = Release;
		};
/* End XCBuildConfiguration section */

/* Begin XCConfigurationList section */
		FBA7A25521C5C4DE00620AFA /* Build configuration list for PBXProject "Tip App" */ = {
			isa = XCConfigurationList;
			buildConfigurations = (
				FBA7A28021C5C4DF00620AFA /* Debug */,
				FBA7A28121C5C4DF00620AFA /* Release */,
			);
			defaultConfigurationIsVisible = 0;
			defaultConfigurationName = Release;
		};
		FBA7A28221C5C4DF00620AFA /* Build configuration list for PBXNativeTarget "Tip App" */ = {
			isa = XCConfigurationList;
			buildConfigurations = (
				FBA7A28321C5C4DF00620AFA /* Debug */,
				FBA7A28421C5C4DF00620AFA /* Release */,
			);
			defaultConfigurationIsVisible = 0;
			defaultConfigurationName = Release;
		};
		FBA7A28521C5C4DF00620AFA /* Build configuration list for PBXNativeTarget "Tip AppTests" */ = {
			isa = XCConfigurationList;
			buildConfigurations = (
				FBA7A28621C5C4DF00620AFA /* Debug */,
				FBA7A28721C5C4DF00620AFA /* Release */,
			);
			defaultConfigurationIsVisible = 0;
			defaultConfigurationName = Release;
		};
		FBA7A28821C5C4DF00620AFA /* Build configuration list for PBXNativeTarget "Tip AppUITests" */ = {
			isa = XCConfigurationList;
			buildConfigurations = (
				FBA7A28921C5C4DF00620AFA /* Debug */,
				FBA7A28A21C5C4DF00620AFA /* Release */,
			);
			defaultConfigurationIsVisible = 0;
			defaultConfigurationName = Release;
		};
/* End XCConfigurationList section */
	};
	rootObject = FBA7A25221C5C4DE00620AFA /* Project object */;
}
